// !$*UTF8*$!
{
	archiveVersion = 1;
	classes = {
	};
	objectVersion = 48;
	objects = {

/* Begin PBXBuildFile section */
		9B1AE9EC220FE430007769EC /* QueryApiList.plist in Resources */ = {isa = PBXBuildFile; fileRef = 9B1AE9EB220FE430007769EC /* QueryApiList.plist */; };
		9B2C24692222C8D7001B61DA /* ArcSoftFaceEngine.framework in Frameworks */ = {isa = PBXBuildFile; fileRef = 9B2C24682222C8D7001B61DA /* ArcSoftFaceEngine.framework */; };
		9B2C246B2222C8EF001B61DA /* libstdc++.6.0.9.tbd in Frameworks */ = {isa = PBXBuildFile; fileRef = 9B2C246A2222C8EF001B61DA /* libstdc++.6.0.9.tbd */; };
		9B39176822169D8400B7E8EF /* libxml2.2.tbd in Frameworks */ = {isa = PBXBuildFile; fileRef = 9B39176722169D8400B7E8EF /* libxml2.2.tbd */; };
		9B39177722169F6500B7E8EF /* libxml2.tbd in Frameworks */ = {isa = PBXBuildFile; fileRef = 9B39177622169F6500B7E8EF /* libxml2.tbd */; };
		9B3917952216E10B00B7E8EF /* WebKit.framework in Frameworks */ = {isa = PBXBuildFile; fileRef = 9B3917942216E10B00B7E8EF /* WebKit.framework */; };
		9B7001D92222FCA400AA464B /* CoreMotion.framework in Frameworks */ = {isa = PBXBuildFile; fileRef = 9B7001D82222FCA400AA464B /* CoreMotion.framework */; };
		9BA009F22205F20B00D1FFD9 /* kaiti_GB2312.ttf in Resources */ = {isa = PBXBuildFile; fileRef = 9BA009F12205F20A00D1FFD9 /* kaiti_GB2312.ttf */; };
		9BA009F622068D4900D1FFD9 /* WLDoublePublicityModel.m in Sources */ = {isa = PBXBuildFile; fileRef = 9BA009F522068D4900D1FFD9 /* WLDoublePublicityModel.m */; };
		9BB382C222242B6D002DDD18 /* WLKnowCreditGradeViewController.m in Sources */ = {isa = PBXBuildFile; fileRef = 9BB382C022242B6D002DDD18 /* WLKnowCreditGradeViewController.m */; };
		9BB382C322242B6D002DDD18 /* WLKnowCreditGradeViewController.xib in Resources */ = {isa = PBXBuildFile; fileRef = 9BB382C122242B6D002DDD18 /* WLKnowCreditGradeViewController.xib */; };
		9BB63B01221C479C00132FB7 /* WLCreditInfoController.m in Sources */ = {isa = PBXBuildFile; fileRef = 9BB63B00221C479C00132FB7 /* WLCreditInfoController.m */; };
		9BBE620F2220DB2D00641C20 /* WLPofileCreditGradeView.m in Sources */ = {isa = PBXBuildFile; fileRef = 9BBE620E2220DB2D00641C20 /* WLPofileCreditGradeView.m */; };
		9BC20A2021FF1B8B00732DE3 /* AppDelegate.mm in Sources */ = {isa = PBXBuildFile; fileRef = 9BC20A1F21FF1B8B00732DE3 /* AppDelegate.mm */; };
		9BC20A2321FF1B8B00732DE3 /* ViewController.m in Sources */ = {isa = PBXBuildFile; fileRef = 9BC20A2221FF1B8B00732DE3 /* ViewController.m */; };
		9BC20A2621FF1B8B00732DE3 /* Main.storyboard in Resources */ = {isa = PBXBuildFile; fileRef = 9BC20A2421FF1B8B00732DE3 /* Main.storyboard */; };
		9BC20A2821FF1B8C00732DE3 /* Assets.xcassets in Resources */ = {isa = PBXBuildFile; fileRef = 9BC20A2721FF1B8C00732DE3 /* Assets.xcassets */; };
		9BC20A2B21FF1B8C00732DE3 /* LaunchScreen.storyboard in Resources */ = {isa = PBXBuildFile; fileRef = 9BC20A2921FF1B8C00732DE3 /* LaunchScreen.storyboard */; };
		9BC20A2E21FF1B8C00732DE3 /* main.m in Sources */ = {isa = PBXBuildFile; fileRef = 9BC20A2D21FF1B8C00732DE3 /* main.m */; };
		9BC20A3821FF1B8C00732DE3 /* CreditChinaTests.m in Sources */ = {isa = PBXBuildFile; fileRef = 9BC20A3721FF1B8C00732DE3 /* CreditChinaTests.m */; };
		9BC20A4321FF1B8C00732DE3 /* CreditChinaUITests.m in Sources */ = {isa = PBXBuildFile; fileRef = 9BC20A4221FF1B8C00732DE3 /* CreditChinaUITests.m */; };
		9BC20BB82201804200732DE3 /* WLNewFeatureViewController.m in Sources */ = {isa = PBXBuildFile; fileRef = 9BC20BB72201804200732DE3 /* WLNewFeatureViewController.m */; };
		9BC20BC1220187B400732DE3 /* WLUserFocusViewController.m in Sources */ = {isa = PBXBuildFile; fileRef = 9BC20BC0220187B400732DE3 /* WLUserFocusViewController.m */; };
		9BC20BC4220187D000732DE3 /* WLProfileCreditViewController.m in Sources */ = {isa = PBXBuildFile; fileRef = 9BC20BC3220187D000732DE3 /* WLProfileCreditViewController.m */; };
		9BC20BC7220187E400732DE3 /* WLProfileViewController.m in Sources */ = {isa = PBXBuildFile; fileRef = 9BC20BC6220187E400732DE3 /* WLProfileViewController.m */; };
		9BC20BCA2201886D00732DE3 /* WLExhibitonViewController.m in Sources */ = {isa = PBXBuildFile; fileRef = 9BC20BC92201886D00732DE3 /* WLExhibitonViewController.m */; };
		9BC20C3422031D4500732DE3 /* WLUserFocusTableController.m in Sources */ = {isa = PBXBuildFile; fileRef = 9BC20C3322031D4500732DE3 /* WLUserFocusTableController.m */; };
		9BEF2D6A221FC0E20012F33D /* WLExhibitionMessageCell.xib in Resources */ = {isa = PBXBuildFile; fileRef = 9BEF2D69221FC0E20012F33D /* WLExhibitionMessageCell.xib */; };
		9BEF2D6D221FC0FA0012F33D /* WLExhibitionMessageCell.m in Sources */ = {isa = PBXBuildFile; fileRef = 9BEF2D6B221FC0FA0012F33D /* WLExhibitionMessageCell.m */; };
		9BEF2DBC221FCEDD0012F33D /* WLNewsAndPolicyShowInExhibitionController.m in Sources */ = {isa = PBXBuildFile; fileRef = 9BEF2DBB221FCEDD0012F33D /* WLNewsAndPolicyShowInExhibitionController.m */; };
		9BFA524A2220E2C70094670A /* WLProfileCreditGradeBenifitCell.m in Sources */ = {isa = PBXBuildFile; fileRef = 9BFA52492220E2C70094670A /* WLProfileCreditGradeBenifitCell.m */; };
		9BFBCF7022145ADB00319D2B /* AVFoundation.framework in Frameworks */ = {isa = PBXBuildFile; fileRef = 9BFBCF6F22145ADA00319D2B /* AVFoundation.framework */; };
		9BFBCF7222145AE100319D2B /* CoreData.framework in Frameworks */ = {isa = PBXBuildFile; fileRef = 9BFBCF7122145AE000319D2B /* CoreData.framework */; };
		9BFBCF7422145AE700319D2B /* AssetsLibrary.framework in Frameworks */ = {isa = PBXBuildFile; fileRef = 9BFBCF7322145AE600319D2B /* AssetsLibrary.framework */; };
		9BFBCF7622145AF200319D2B /* GLKit.framework in Frameworks */ = {isa = PBXBuildFile; fileRef = 9BFBCF7522145AF200319D2B /* GLKit.framework */; };
		9BFBCF7822145AFC00319D2B /* CoreMedia.framework in Frameworks */ = {isa = PBXBuildFile; fileRef = 9BFBCF7722145AFB00319D2B /* CoreMedia.framework */; };
		C7EE52744FFAFF334444F6E0 /* libPods-CreditChina.a in Frameworks */ = {isa = PBXBuildFile; fileRef = B63B75487C6549B39F23CBBA /* libPods-CreditChina.a */; };
/* End PBXBuildFile section */

/* Begin PBXContainerItemProxy section */
		9BC20A3421FF1B8C00732DE3 /* PBXContainerItemProxy */ = {
			isa = PBXContainerItemProxy;
			containerPortal = 9BC20A1321FF1B8B00732DE3 /* Project object */;
			proxyType = 1;
			remoteGlobalIDString = 9BC20A1A21FF1B8B00732DE3;
			remoteInfo = CreditChina;
		};
		9BC20A3F21FF1B8C00732DE3 /* PBXContainerItemProxy */ = {
			isa = PBXContainerItemProxy;
			containerPortal = 9BC20A1321FF1B8B00732DE3 /* Project object */;
			proxyType = 1;
			remoteGlobalIDString = 9BC20A1A21FF1B8B00732DE3;
			remoteInfo = CreditChina;
		};
/* End PBXContainerItemProxy section */

/* Begin PBXFileReference section */
		8E0A1888FD01D43C53A7F67A /* Pods-CreditChina.release.xcconfig */ = {isa = PBXFileReference; includeInIndex = 1; lastKnownFileType = text.xcconfig; name = "Pods-CreditChina.release.xcconfig"; path = "Target Support Files/Pods-CreditChina/Pods-CreditChina.release.xcconfig"; sourceTree = "<group>"; };
		9B1AE9EB220FE430007769EC /* QueryApiList.plist */ = {isa = PBXFileReference; fileEncoding = 4; lastKnownFileType = text.plist.xml; path = QueryApiList.plist; sourceTree = "<group>"; };
		9B2C24682222C8D7001B61DA /* ArcSoftFaceEngine.framework */ = {isa = PBXFileReference; lastKnownFileType = wrapper.framework; path = ArcSoftFaceEngine.framework; sourceTree = "<group>"; };
		9B2C246A2222C8EF001B61DA /* libstdc++.6.0.9.tbd */ = {isa = PBXFileReference; lastKnownFileType = "sourcecode.text-based-dylib-definition"; name = "libstdc++.6.0.9.tbd"; path = "usr/lib/libstdc++.6.0.9.tbd"; sourceTree = SDKROOT; };
		9B39176722169D8400B7E8EF /* libxml2.2.tbd */ = {isa = PBXFileReference; lastKnownFileType = "sourcecode.text-based-dylib-definition"; name = libxml2.2.tbd; path = usr/lib/libxml2.2.tbd; sourceTree = SDKROOT; };
		9B39177622169F6500B7E8EF /* libxml2.tbd */ = {isa = PBXFileReference; lastKnownFileType = "sourcecode.text-based-dylib-definition"; name = libxml2.tbd; path = usr/lib/libxml2.tbd; sourceTree = SDKROOT; };
		9B3917942216E10B00B7E8EF /* WebKit.framework */ = {isa = PBXFileReference; lastKnownFileType = wrapper.framework; name = WebKit.framework; path = System/Library/Frameworks/WebKit.framework; sourceTree = SDKROOT; };
		9B7001D82222FCA400AA464B /* CoreMotion.framework */ = {isa = PBXFileReference; lastKnownFileType = wrapper.framework; name = CoreMotion.framework; path = System/Library/Frameworks/CoreMotion.framework; sourceTree = SDKROOT; };
		9BA009F12205F20A00D1FFD9 /* kaiti_GB2312.ttf */ = {isa = PBXFileReference; lastKnownFileType = file; path = kaiti_GB2312.ttf; sourceTree = "<group>"; };
		9BA009F422068D4900D1FFD9 /* WLDoublePublicityModel.h */ = {isa = PBXFileReference; lastKnownFileType = sourcecode.c.h; path = WLDoublePublicityModel.h; sourceTree = "<group>"; };
		9BA009F522068D4900D1FFD9 /* WLDoublePublicityModel.m */ = {isa = PBXFileReference; lastKnownFileType = sourcecode.c.objc; path = WLDoublePublicityModel.m; sourceTree = "<group>"; };
		9BB382BF22242B6D002DDD18 /* WLKnowCreditGradeViewController.h */ = {isa = PBXFileReference; lastKnownFileType = sourcecode.c.h; path = WLKnowCreditGradeViewController.h; sourceTree = "<group>"; };
		9BB382C022242B6D002DDD18 /* WLKnowCreditGradeViewController.m */ = {isa = PBXFileReference; lastKnownFileType = sourcecode.c.objc; path = WLKnowCreditGradeViewController.m; sourceTree = "<group>"; };
		9BB382C122242B6D002DDD18 /* WLKnowCreditGradeViewController.xib */ = {isa = PBXFileReference; lastKnownFileType = file.xib; path = WLKnowCreditGradeViewController.xib; sourceTree = "<group>"; };
		9BB63AFF221C479C00132FB7 /* WLCreditInfoController.h */ = {isa = PBXFileReference; lastKnownFileType = sourcecode.c.h; path = WLCreditInfoController.h; sourceTree = "<group>"; };
		9BB63B00221C479C00132FB7 /* WLCreditInfoController.m */ = {isa = PBXFileReference; lastKnownFileType = sourcecode.c.objc; path = WLCreditInfoController.m; sourceTree = "<group>"; };
		9BBE620D2220DB2D00641C20 /* WLPofileCreditGradeView.h */ = {isa = PBXFileReference; lastKnownFileType = sourcecode.c.h; path = WLPofileCreditGradeView.h; sourceTree = "<group>"; };
		9BBE620E2220DB2D00641C20 /* WLPofileCreditGradeView.m */ = {isa = PBXFileReference; lastKnownFileType = sourcecode.c.objc; path = WLPofileCreditGradeView.m; sourceTree = "<group>"; };
		9BC20A1B21FF1B8B00732DE3 /* CreditChina.app */ = {isa = PBXFileReference; explicitFileType = wrapper.application; includeInIndex = 0; path = CreditChina.app; sourceTree = BUILT_PRODUCTS_DIR; };
		9BC20A1E21FF1B8B00732DE3 /* AppDelegate.h */ = {isa = PBXFileReference; lastKnownFileType = sourcecode.c.h; path = AppDelegate.h; sourceTree = "<group>"; };
		9BC20A1F21FF1B8B00732DE3 /* AppDelegate.mm */ = {isa = PBXFileReference; lastKnownFileType = sourcecode.cpp.objcpp; path = AppDelegate.mm; sourceTree = "<group>"; };
		9BC20A2121FF1B8B00732DE3 /* ViewController.h */ = {isa = PBXFileReference; lastKnownFileType = sourcecode.c.h; path = ViewController.h; sourceTree = "<group>"; };
		9BC20A2221FF1B8B00732DE3 /* ViewController.m */ = {isa = PBXFileReference; lastKnownFileType = sourcecode.c.objc; path = ViewController.m; sourceTree = "<group>"; };
		9BC20A2521FF1B8B00732DE3 /* Base */ = {isa = PBXFileReference; lastKnownFileType = file.storyboard; name = Base; path = Base.lproj/Main.storyboard; sourceTree = "<group>"; };
		9BC20A2721FF1B8C00732DE3 /* Assets.xcassets */ = {isa = PBXFileReference; lastKnownFileType = folder.assetcatalog; path = Assets.xcassets; sourceTree = "<group>"; };
		9BC20A2A21FF1B8C00732DE3 /* Base */ = {isa = PBXFileReference; lastKnownFileType = file.storyboard; name = Base; path = Base.lproj/LaunchScreen.storyboard; sourceTree = "<group>"; };
		9BC20A2C21FF1B8C00732DE3 /* Info.plist */ = {isa = PBXFileReference; lastKnownFileType = text.plist.xml; path = Info.plist; sourceTree = "<group>"; };
		9BC20A2D21FF1B8C00732DE3 /* main.m */ = {isa = PBXFileReference; lastKnownFileType = sourcecode.c.objc; path = main.m; sourceTree = "<group>"; };
		9BC20A3321FF1B8C00732DE3 /* CreditChinaTests.xctest */ = {isa = PBXFileReference; explicitFileType = wrapper.cfbundle; includeInIndex = 0; path = CreditChinaTests.xctest; sourceTree = BUILT_PRODUCTS_DIR; };
		9BC20A3721FF1B8C00732DE3 /* CreditChinaTests.m */ = {isa = PBXFileReference; lastKnownFileType = sourcecode.c.objc; path = CreditChinaTests.m; sourceTree = "<group>"; };
		9BC20A3921FF1B8C00732DE3 /* Info.plist */ = {isa = PBXFileReference; lastKnownFileType = text.plist.xml; path = Info.plist; sourceTree = "<group>"; };
		9BC20A3E21FF1B8C00732DE3 /* CreditChinaUITests.xctest */ = {isa = PBXFileReference; explicitFileType = wrapper.cfbundle; includeInIndex = 0; path = CreditChinaUITests.xctest; sourceTree = BUILT_PRODUCTS_DIR; };
		9BC20A4221FF1B8C00732DE3 /* CreditChinaUITests.m */ = {isa = PBXFileReference; lastKnownFileType = sourcecode.c.objc; path = CreditChinaUITests.m; sourceTree = "<group>"; };
		9BC20A4421FF1B8C00732DE3 /* Info.plist */ = {isa = PBXFileReference; lastKnownFileType = text.plist.xml; path = Info.plist; sourceTree = "<group>"; };
		9BC20BB62201804200732DE3 /* WLNewFeatureViewController.h */ = {isa = PBXFileReference; lastKnownFileType = sourcecode.c.h; path = WLNewFeatureViewController.h; sourceTree = "<group>"; };
		9BC20BB72201804200732DE3 /* WLNewFeatureViewController.m */ = {isa = PBXFileReference; lastKnownFileType = sourcecode.c.objc; path = WLNewFeatureViewController.m; sourceTree = "<group>"; };
		9BC20BBF220187B400732DE3 /* WLUserFocusViewController.h */ = {isa = PBXFileReference; lastKnownFileType = sourcecode.c.h; path = WLUserFocusViewController.h; sourceTree = "<group>"; };
		9BC20BC0220187B400732DE3 /* WLUserFocusViewController.m */ = {isa = PBXFileReference; lastKnownFileType = sourcecode.c.objc; path = WLUserFocusViewController.m; sourceTree = "<group>"; };
		9BC20BC2220187D000732DE3 /* WLProfileCreditViewController.h */ = {isa = PBXFileReference; lastKnownFileType = sourcecode.c.h; path = WLProfileCreditViewController.h; sourceTree = "<group>"; };
		9BC20BC3220187D000732DE3 /* WLProfileCreditViewController.m */ = {isa = PBXFileReference; lastKnownFileType = sourcecode.c.objc; path = WLProfileCreditViewController.m; sourceTree = "<group>"; };
		9BC20BC5220187E400732DE3 /* WLProfileViewController.h */ = {isa = PBXFileReference; lastKnownFileType = sourcecode.c.h; path = WLProfileViewController.h; sourceTree = "<group>"; };
		9BC20BC6220187E400732DE3 /* WLProfileViewController.m */ = {isa = PBXFileReference; lastKnownFileType = sourcecode.c.objc; path = WLProfileViewController.m; sourceTree = "<group>"; };
		9BC20BC82201886D00732DE3 /* WLExhibitonViewController.h */ = {isa = PBXFileReference; lastKnownFileType = sourcecode.c.h; path = WLExhibitonViewController.h; sourceTree = "<group>"; };
		9BC20BC92201886D00732DE3 /* WLExhibitonViewController.m */ = {isa = PBXFileReference; lastKnownFileType = sourcecode.c.objc; path = WLExhibitonViewController.m; sourceTree = "<group>"; };
		9BC20C3222031D4500732DE3 /* WLUserFocusTableController.h */ = {isa = PBXFileReference; lastKnownFileType = sourcecode.c.h; path = WLUserFocusTableController.h; sourceTree = "<group>"; };
		9BC20C3322031D4500732DE3 /* WLUserFocusTableController.m */ = {isa = PBXFileReference; lastKnownFileType = sourcecode.c.objc; path = WLUserFocusTableController.m; sourceTree = "<group>"; };
		9BEF2D69221FC0E20012F33D /* WLExhibitionMessageCell.xib */ = {isa = PBXFileReference; fileEncoding = 4; lastKnownFileType = file.xib; path = WLExhibitionMessageCell.xib; sourceTree = "<group>"; };
		9BEF2D6B221FC0FA0012F33D /* WLExhibitionMessageCell.m */ = {isa = PBXFileReference; fileEncoding = 4; lastKnownFileType = sourcecode.c.objc; path = WLExhibitionMessageCell.m; sourceTree = "<group>"; };
		9BEF2D6C221FC0FA0012F33D /* WLExhibitionMessageCell.h */ = {isa = PBXFileReference; fileEncoding = 4; lastKnownFileType = sourcecode.c.h; path = WLExhibitionMessageCell.h; sourceTree = "<group>"; };
		9BEF2DBA221FCEDD0012F33D /* WLNewsAndPolicyShowInExhibitionController.h */ = {isa = PBXFileReference; fileEncoding = 4; lastKnownFileType = sourcecode.c.h; path = WLNewsAndPolicyShowInExhibitionController.h; sourceTree = "<group>"; };
		9BEF2DBB221FCEDD0012F33D /* WLNewsAndPolicyShowInExhibitionController.m */ = {isa = PBXFileReference; fileEncoding = 4; lastKnownFileType = sourcecode.c.objc; path = WLNewsAndPolicyShowInExhibitionController.m; sourceTree = "<group>"; };
		9BFA52482220E2C70094670A /* WLProfileCreditGradeBenifitCell.h */ = {isa = PBXFileReference; lastKnownFileType = sourcecode.c.h; path = WLProfileCreditGradeBenifitCell.h; sourceTree = "<group>"; };
		9BFA52492220E2C70094670A /* WLProfileCreditGradeBenifitCell.m */ = {isa = PBXFileReference; lastKnownFileType = sourcecode.c.objc; path = WLProfileCreditGradeBenifitCell.m; sourceTree = "<group>"; };
		9BFBCF6F22145ADA00319D2B /* AVFoundation.framework */ = {isa = PBXFileReference; lastKnownFileType = wrapper.framework; name = AVFoundation.framework; path = System/Library/Frameworks/AVFoundation.framework; sourceTree = SDKROOT; };
		9BFBCF7122145AE000319D2B /* CoreData.framework */ = {isa = PBXFileReference; lastKnownFileType = wrapper.framework; name = CoreData.framework; path = System/Library/Frameworks/CoreData.framework; sourceTree = SDKROOT; };
		9BFBCF7322145AE600319D2B /* AssetsLibrary.framework */ = {isa = PBXFileReference; lastKnownFileType = wrapper.framework; name = AssetsLibrary.framework; path = System/Library/Frameworks/AssetsLibrary.framework; sourceTree = SDKROOT; };
		9BFBCF7522145AF200319D2B /* GLKit.framework */ = {isa = PBXFileReference; lastKnownFileType = wrapper.framework; name = GLKit.framework; path = System/Library/Frameworks/GLKit.framework; sourceTree = SDKROOT; };
		9BFBCF7722145AFB00319D2B /* CoreMedia.framework */ = {isa = PBXFileReference; lastKnownFileType = wrapper.framework; name = CoreMedia.framework; path = System/Library/Frameworks/CoreMedia.framework; sourceTree = SDKROOT; };
		B63B75487C6549B39F23CBBA /* libPods-CreditChina.a */ = {isa = PBXFileReference; explicitFileType = archive.ar; includeInIndex = 0; path = "libPods-CreditChina.a"; sourceTree = BUILT_PRODUCTS_DIR; };
		DD4A422AB8ECC4E7AD688F7F /* Pods-CreditChina.debug.xcconfig */ = {isa = PBXFileReference; includeInIndex = 1; lastKnownFileType = text.xcconfig; name = "Pods-CreditChina.debug.xcconfig"; path = "Target Support Files/Pods-CreditChina/Pods-CreditChina.debug.xcconfig"; sourceTree = "<group>"; };
/* End PBXFileReference section */

/* Begin PBXFrameworksBuildPhase section */
		9BC20A1821FF1B8B00732DE3 /* Frameworks */ = {
			isa = PBXFrameworksBuildPhase;
			buildActionMask = 2147483647;
			files = (
				9B7001D92222FCA400AA464B /* CoreMotion.framework in Frameworks */,
				9B2C246B2222C8EF001B61DA /* libstdc++.6.0.9.tbd in Frameworks */,
				9B2C24692222C8D7001B61DA /* ArcSoftFaceEngine.framework in Frameworks */,
				9B3917952216E10B00B7E8EF /* WebKit.framework in Frameworks */,
				9B39177722169F6500B7E8EF /* libxml2.tbd in Frameworks */,
				9B39176822169D8400B7E8EF /* libxml2.2.tbd in Frameworks */,
				9BFBCF7822145AFC00319D2B /* CoreMedia.framework in Frameworks */,
				9BFBCF7622145AF200319D2B /* GLKit.framework in Frameworks */,
				9BFBCF7422145AE700319D2B /* AssetsLibrary.framework in Frameworks */,
				9BFBCF7222145AE100319D2B /* CoreData.framework in Frameworks */,
				9BFBCF7022145ADB00319D2B /* AVFoundation.framework in Frameworks */,
				C7EE52744FFAFF334444F6E0 /* libPods-CreditChina.a in Frameworks */,
			);
			runOnlyForDeploymentPostprocessing = 0;
		};
		9BC20A3021FF1B8C00732DE3 /* Frameworks */ = {
			isa = PBXFrameworksBuildPhase;
			buildActionMask = 2147483647;
			files = (
			);
			runOnlyForDeploymentPostprocessing = 0;
		};
		9BC20A3B21FF1B8C00732DE3 /* Frameworks */ = {
			isa = PBXFrameworksBuildPhase;
			buildActionMask = 2147483647;
			files = (
			);
			runOnlyForDeploymentPostprocessing = 0;
		};
/* End PBXFrameworksBuildPhase section */

/* Begin PBXGroup section */
		4E2FB17303E1D1722E72CF9D /* Pods */ = {
			isa = PBXGroup;
			children = (
				DD4A422AB8ECC4E7AD688F7F /* Pods-CreditChina.debug.xcconfig */,
				8E0A1888FD01D43C53A7F67A /* Pods-CreditChina.release.xcconfig */,
			);
			path = Pods;
			sourceTree = "<group>";
		};
		9B2C24672222C8A3001B61DA /* 人脸识别 */ = {
			isa = PBXGroup;
			children = (
				9B2C24822222C972001B61DA /* ui */,
			);
			path = "人脸识别";
			sourceTree = "<group>";
		};
		9B2C24822222C972001B61DA /* ui */ = {
			isa = PBXGroup;
			children = (
			);
			path = ui;
			sourceTree = "<group>";
		};
		9BA009F322068D1D00D1FFD9 /* Model */ = {
			isa = PBXGroup;
			children = (
				9BA009F422068D4900D1FFD9 /* WLDoublePublicityModel.h */,
				9BA009F522068D4900D1FFD9 /* WLDoublePublicityModel.m */,
				9B1AE9EB220FE430007769EC /* QueryApiList.plist */,
			);
			path = Model;
			sourceTree = "<group>";
		};
		9BC20A1221FF1B8B00732DE3 = {
			isa = PBXGroup;
			children = (
				9BC20A1D21FF1B8B00732DE3 /* CreditChina */,
				9BC20A3621FF1B8C00732DE3 /* CreditChinaTests */,
				9BC20A4121FF1B8C00732DE3 /* CreditChinaUITests */,
				9BC20A1C21FF1B8B00732DE3 /* Products */,
				4E2FB17303E1D1722E72CF9D /* Pods */,
				DDCCA9A590C475E30E67E230 /* Frameworks */,
			);
			sourceTree = "<group>";
		};
		9BC20A1C21FF1B8B00732DE3 /* Products */ = {
			isa = PBXGroup;
			children = (
				9BC20A1B21FF1B8B00732DE3 /* CreditChina.app */,
				9BC20A3321FF1B8C00732DE3 /* CreditChinaTests.xctest */,
				9BC20A3E21FF1B8C00732DE3 /* CreditChinaUITests.xctest */,
			);
			name = Products;
			sourceTree = "<group>";
		};
		9BC20A1D21FF1B8B00732DE3 /* CreditChina */ = {
			isa = PBXGroup;
			children = (
				9BA009F322068D1D00D1FFD9 /* Model */,
				9BC20A6522001EAA00732DE3 /* 首页 */,
				9BC20BCB22018BBB00732DE3 /* 用户关注管理 */,
				9BC20BB52201801A00732DE3 /* 新特性 */,
				9B2C24672222C8A3001B61DA /* 人脸识别 */,
				9BC20BCC22018BD000732DE3 /* 个人信用管理 */,
				9BC20BCE2201918B00732DE3 /* resources */,
				9BC20BCD22018BE000732DE3 /* 个人 */,
				9BC20A1E21FF1B8B00732DE3 /* AppDelegate.h */,
				9BC20A1F21FF1B8B00732DE3 /* AppDelegate.mm */,
				9BC20A2121FF1B8B00732DE3 /* ViewController.h */,
				9BC20A2221FF1B8B00732DE3 /* ViewController.m */,
				9BC20A2421FF1B8B00732DE3 /* Main.storyboard */,
				9B2C24682222C8D7001B61DA /* ArcSoftFaceEngine.framework */,
				9BC20A2721FF1B8C00732DE3 /* Assets.xcassets */,
				9BC20A2921FF1B8C00732DE3 /* LaunchScreen.storyboard */,
				9BC20A2C21FF1B8C00732DE3 /* Info.plist */,
				9BC20A2D21FF1B8C00732DE3 /* main.m */,
			);
			path = CreditChina;
			sourceTree = "<group>";
		};
		9BC20A3621FF1B8C00732DE3 /* CreditChinaTests */ = {
			isa = PBXGroup;
			children = (
				9BC20A3721FF1B8C00732DE3 /* CreditChinaTests.m */,
				9BC20A3921FF1B8C00732DE3 /* Info.plist */,
			);
			path = CreditChinaTests;
			sourceTree = "<group>";
		};
		9BC20A4121FF1B8C00732DE3 /* CreditChinaUITests */ = {
			isa = PBXGroup;
			children = (
				9BC20A4221FF1B8C00732DE3 /* CreditChinaUITests.m */,
				9BC20A4421FF1B8C00732DE3 /* Info.plist */,
			);
			path = CreditChinaUITests;
			sourceTree = "<group>";
		};
		9BC20A6522001EAA00732DE3 /* 首页 */ = {
			isa = PBXGroup;
			children = (
				9BC20BC82201886D00732DE3 /* WLExhibitonViewController.h */,
				9BC20BC92201886D00732DE3 /* WLExhibitonViewController.m */,
				9BEF2DBA221FCEDD0012F33D /* WLNewsAndPolicyShowInExhibitionController.h */,
				9BEF2DBB221FCEDD0012F33D /* WLNewsAndPolicyShowInExhibitionController.m */,
				9BB63AFF221C479C00132FB7 /* WLCreditInfoController.h */,
				9BB63B00221C479C00132FB7 /* WLCreditInfoController.m */,
				9BEF2D69221FC0E20012F33D /* WLExhibitionMessageCell.xib */,
				9BEF2D6C221FC0FA0012F33D /* WLExhibitionMessageCell.h */,
				9BEF2D6B221FC0FA0012F33D /* WLExhibitionMessageCell.m */,
			);
			path = "首页";
			sourceTree = "<group>";
		};
		9BC20BB52201801A00732DE3 /* 新特性 */ = {
			isa = PBXGroup;
			children = (
				9BC20BB62201804200732DE3 /* WLNewFeatureViewController.h */,
				9BC20BB72201804200732DE3 /* WLNewFeatureViewController.m */,
			);
			path = "新特性";
			sourceTree = "<group>";
		};
		9BC20BCB22018BBB00732DE3 /* 用户关注管理 */ = {
			isa = PBXGroup;
			children = (
				9BC20BBF220187B400732DE3 /* WLUserFocusViewController.h */,
				9BC20BC0220187B400732DE3 /* WLUserFocusViewController.m */,
				9BC20C3222031D4500732DE3 /* WLUserFocusTableController.h */,
				9BC20C3322031D4500732DE3 /* WLUserFocusTableController.m */,
			);
			path = "用户关注管理";
			sourceTree = "<group>";
		};
		9BC20BCC22018BD000732DE3 /* 个人信用管理 */ = {
			isa = PBXGroup;
			children = (
				9BC20BC2220187D000732DE3 /* WLProfileCreditViewController.h */,
				9BC20BC3220187D000732DE3 /* WLProfileCreditViewController.m */,
				9BBE620D2220DB2D00641C20 /* WLPofileCreditGradeView.h */,
				9BBE620E2220DB2D00641C20 /* WLPofileCreditGradeView.m */,
				9BFA52482220E2C70094670A /* WLProfileCreditGradeBenifitCell.h */,
				9BFA52492220E2C70094670A /* WLProfileCreditGradeBenifitCell.m */,
				9BB382BF22242B6D002DDD18 /* WLKnowCreditGradeViewController.h */,
				9BB382C022242B6D002DDD18 /* WLKnowCreditGradeViewController.m */,
				9BB382C122242B6D002DDD18 /* WLKnowCreditGradeViewController.xib */,
			);
			path = "个人信用管理";
			sourceTree = "<group>";
		};
		9BC20BCD22018BE000732DE3 /* 个人 */ = {
			isa = PBXGroup;
			children = (
				9BC20BC5220187E400732DE3 /* WLProfileViewController.h */,
				9BC20BC6220187E400732DE3 /* WLProfileViewController.m */,
			);
			path = "个人";
			sourceTree = "<group>";
		};
		9BC20BCE2201918B00732DE3 /* resources */ = {
			isa = PBXGroup;
			children = (
				9BA009F12205F20A00D1FFD9 /* kaiti_GB2312.ttf */,
			);
			path = resources;
			sourceTree = "<group>";
		};
		DDCCA9A590C475E30E67E230 /* Frameworks */ = {
			isa = PBXGroup;
			children = (
				9B7001D82222FCA400AA464B /* CoreMotion.framework */,
				9B2C246A2222C8EF001B61DA /* libstdc++.6.0.9.tbd */,
				9B3917942216E10B00B7E8EF /* WebKit.framework */,
				9B39177622169F6500B7E8EF /* libxml2.tbd */,
				9B39176722169D8400B7E8EF /* libxml2.2.tbd */,
				9BFBCF7722145AFB00319D2B /* CoreMedia.framework */,
				9BFBCF7522145AF200319D2B /* GLKit.framework */,
				9BFBCF7322145AE600319D2B /* AssetsLibrary.framework */,
				9BFBCF7122145AE000319D2B /* CoreData.framework */,
				9BFBCF6F22145ADA00319D2B /* AVFoundation.framework */,
				B63B75487C6549B39F23CBBA /* libPods-CreditChina.a */,
			);
			name = Frameworks;
			sourceTree = "<group>";
		};
/* End PBXGroup section */

/* Begin PBXNativeTarget section */
		9BC20A1A21FF1B8B00732DE3 /* CreditChina */ = {
			isa = PBXNativeTarget;
			buildConfigurationList = 9BC20A4721FF1B8C00732DE3 /* Build configuration list for PBXNativeTarget "CreditChina" */;
			buildPhases = (
				33D795CCEB9669334DFDE2AF /* [CP] Check Pods Manifest.lock */,
				9BC20A1721FF1B8B00732DE3 /* Sources */,
				9BC20A1821FF1B8B00732DE3 /* Frameworks */,
				9BC20A1921FF1B8B00732DE3 /* Resources */,
				9BC20A5021FF1BF200732DE3 /* ShellScript */,
				49EE10E4A2B886BFCC53A6B8 /* [CP] Copy Pods Resources */,
			);
			buildRules = (
			);
			dependencies = (
			);
			name = CreditChina;
			productName = CreditChina;
			productReference = 9BC20A1B21FF1B8B00732DE3 /* CreditChina.app */;
			productType = "com.apple.product-type.application";
		};
		9BC20A3221FF1B8C00732DE3 /* CreditChinaTests */ = {
			isa = PBXNativeTarget;
			buildConfigurationList = 9BC20A4A21FF1B8C00732DE3 /* Build configuration list for PBXNativeTarget "CreditChinaTests" */;
			buildPhases = (
				9BC20A2F21FF1B8C00732DE3 /* Sources */,
				9BC20A3021FF1B8C00732DE3 /* Frameworks */,
				9BC20A3121FF1B8C00732DE3 /* Resources */,
			);
			buildRules = (
			);
			dependencies = (
				9BC20A3521FF1B8C00732DE3 /* PBXTargetDependency */,
			);
			name = CreditChinaTests;
			productName = CreditChinaTests;
			productReference = 9BC20A3321FF1B8C00732DE3 /* CreditChinaTests.xctest */;
			productType = "com.apple.product-type.bundle.unit-test";
		};
		9BC20A3D21FF1B8C00732DE3 /* CreditChinaUITests */ = {
			isa = PBXNativeTarget;
			buildConfigurationList = 9BC20A4D21FF1B8D00732DE3 /* Build configuration list for PBXNativeTarget "CreditChinaUITests" */;
			buildPhases = (
				9BC20A3A21FF1B8C00732DE3 /* Sources */,
				9BC20A3B21FF1B8C00732DE3 /* Frameworks */,
				9BC20A3C21FF1B8C00732DE3 /* Resources */,
			);
			buildRules = (
			);
			dependencies = (
				9BC20A4021FF1B8C00732DE3 /* PBXTargetDependency */,
			);
			name = CreditChinaUITests;
			productName = CreditChinaUITests;
			productReference = 9BC20A3E21FF1B8C00732DE3 /* CreditChinaUITests.xctest */;
			productType = "com.apple.product-type.bundle.ui-testing";
		};
/* End PBXNativeTarget section */

/* Begin PBXProject section */
		9BC20A1321FF1B8B00732DE3 /* Project object */ = {
			isa = PBXProject;
			attributes = {
				CLASSPREFIX = WL;
				LastUpgradeCheck = 1010;
				ORGANIZATIONNAME = wanglei;
				TargetAttributes = {
					9BC20A1A21FF1B8B00732DE3 = {
						CreatedOnToolsVersion = 10.1;
						ProvisioningStyle = Manual;
					};
					9BC20A3221FF1B8C00732DE3 = {
						CreatedOnToolsVersion = 10.1;
						ProvisioningStyle = Automatic;
						TestTargetID = 9BC20A1A21FF1B8B00732DE3;
					};
					9BC20A3D21FF1B8C00732DE3 = {
						CreatedOnToolsVersion = 10.1;
						ProvisioningStyle = Automatic;
						TestTargetID = 9BC20A1A21FF1B8B00732DE3;
					};
				};
			};
			buildConfigurationList = 9BC20A1621FF1B8B00732DE3 /* Build configuration list for PBXProject "CreditChina" */;
			compatibilityVersion = "Xcode 8.0";
			developmentRegion = en;
			hasScannedForEncodings = 0;
			knownRegions = (
				en,
				Base,
			);
			mainGroup = 9BC20A1221FF1B8B00732DE3;
			productRefGroup = 9BC20A1C21FF1B8B00732DE3 /* Products */;
			projectDirPath = "";
			projectRoot = "";
			targets = (
				9BC20A1A21FF1B8B00732DE3 /* CreditChina */,
				9BC20A3221FF1B8C00732DE3 /* CreditChinaTests */,
				9BC20A3D21FF1B8C00732DE3 /* CreditChinaUITests */,
			);
		};
/* End PBXProject section */

/* Begin PBXResourcesBuildPhase section */
		9BC20A1921FF1B8B00732DE3 /* Resources */ = {
			isa = PBXResourcesBuildPhase;
			buildActionMask = 2147483647;
			files = (
				9BC20A2B21FF1B8C00732DE3 /* LaunchScreen.storyboard in Resources */,
				9BB382C322242B6D002DDD18 /* WLKnowCreditGradeViewController.xib in Resources */,
				9B1AE9EC220FE430007769EC /* QueryApiList.plist in Resources */,
				9BA009F22205F20B00D1FFD9 /* kaiti_GB2312.ttf in Resources */,
				9BC20A2821FF1B8C00732DE3 /* Assets.xcassets in Resources */,
				9BC20A2621FF1B8B00732DE3 /* Main.storyboard in Resources */,
				9BEF2D6A221FC0E20012F33D /* WLExhibitionMessageCell.xib in Resources */,
			);
			runOnlyForDeploymentPostprocessing = 0;
		};
		9BC20A3121FF1B8C00732DE3 /* Resources */ = {
			isa = PBXResourcesBuildPhase;
			buildActionMask = 2147483647;
			files = (
			);
			runOnlyForDeploymentPostprocessing = 0;
		};
		9BC20A3C21FF1B8C00732DE3 /* Resources */ = {
			isa = PBXResourcesBuildPhase;
			buildActionMask = 2147483647;
			files = (
			);
			runOnlyForDeploymentPostprocessing = 0;
		};
/* End PBXResourcesBuildPhase section */

/* Begin PBXShellScriptBuildPhase section */
		33D795CCEB9669334DFDE2AF /* [CP] Check Pods Manifest.lock */ = {
			isa = PBXShellScriptBuildPhase;
			buildActionMask = 2147483647;
			files = (
			);
			inputFileListPaths = (
			);
			inputPaths = (
				"${PODS_PODFILE_DIR_PATH}/Podfile.lock",
				"${PODS_ROOT}/Manifest.lock",
			);
			name = "[CP] Check Pods Manifest.lock";
			outputFileListPaths = (
			);
			outputPaths = (
				"$(DERIVED_FILE_DIR)/Pods-CreditChina-checkManifestLockResult.txt",
			);
			runOnlyForDeploymentPostprocessing = 0;
			shellPath = /bin/sh;
			shellScript = "diff \"${PODS_PODFILE_DIR_PATH}/Podfile.lock\" \"${PODS_ROOT}/Manifest.lock\" > /dev/null\nif [ $? != 0 ] ; then\n    # print error to STDERR\n    echo \"error: The sandbox is not in sync with the Podfile.lock. Run 'pod install' or update your CocoaPods installation.\" >&2\n    exit 1\nfi\n# This output is used by Xcode 'outputs' to avoid re-running this script phase.\necho \"SUCCESS\" > \"${SCRIPT_OUTPUT_FILE_0}\"\n";
			showEnvVarsInLog = 0;
		};
		49EE10E4A2B886BFCC53A6B8 /* [CP] Copy Pods Resources */ = {
			isa = PBXShellScriptBuildPhase;
			buildActionMask = 2147483647;
			files = (
			);
			inputFileListPaths = (
			);
			inputPaths = (
				"${PODS_ROOT}/Target Support Files/Pods-CreditChina/Pods-CreditChina-resources.sh",
				"${PODS_ROOT}/MJRefresh/MJRefresh/MJRefresh.bundle",
				"${PODS_ROOT}/ProgressHUD/ProgressHUD/ProgressHUD/ProgressHUD.bundle",
				"${PODS_ROOT}/WHToast/WHToast/wtoast_icon/whtoast_error.png",
				"${PODS_ROOT}/WHToast/WHToast/wtoast_icon/whtoast_error@2x.png",
				"${PODS_ROOT}/WHToast/WHToast/wtoast_icon/whtoast_error@3x.png",
				"${PODS_ROOT}/WHToast/WHToast/wtoast_icon/whtoast_success.png",
				"${PODS_ROOT}/WHToast/WHToast/wtoast_icon/whtoast_success@2x.png",
				"${PODS_ROOT}/WHToast/WHToast/wtoast_icon/whtoast_success@3x.png",
				"${PODS_CONFIGURATION_BUILD_DIR}/WLControls/WLControls.bundle",
				"${PODS_CONFIGURATION_BUILD_DIR}/WLLogin/WLLogin.bundle",
				"${PODS_CONFIGURATION_BUILD_DIR}/WLNews/WLNews.bundle",
				"${PODS_CONFIGURATION_BUILD_DIR}/WLNews_Category/WLNews_Category.bundle",
				"${PODS_CONFIGURATION_BUILD_DIR}/WLPublicity/WLPublicity.bundle",
			);
			name = "[CP] Copy Pods Resources";
			outputFileListPaths = (
			);
			outputPaths = (
				"${TARGET_BUILD_DIR}/${UNLOCALIZED_RESOURCES_FOLDER_PATH}/MJRefresh.bundle",
				"${TARGET_BUILD_DIR}/${UNLOCALIZED_RESOURCES_FOLDER_PATH}/ProgressHUD.bundle",
				"${TARGET_BUILD_DIR}/${UNLOCALIZED_RESOURCES_FOLDER_PATH}/whtoast_error.png",
				"${TARGET_BUILD_DIR}/${UNLOCALIZED_RESOURCES_FOLDER_PATH}/whtoast_error@2x.png",
				"${TARGET_BUILD_DIR}/${UNLOCALIZED_RESOURCES_FOLDER_PATH}/whtoast_error@3x.png",
				"${TARGET_BUILD_DIR}/${UNLOCALIZED_RESOURCES_FOLDER_PATH}/whtoast_success.png",
				"${TARGET_BUILD_DIR}/${UNLOCALIZED_RESOURCES_FOLDER_PATH}/whtoast_success@2x.png",
				"${TARGET_BUILD_DIR}/${UNLOCALIZED_RESOURCES_FOLDER_PATH}/whtoast_success@3x.png",
				"${TARGET_BUILD_DIR}/${UNLOCALIZED_RESOURCES_FOLDER_PATH}/WLControls.bundle",
				"${TARGET_BUILD_DIR}/${UNLOCALIZED_RESOURCES_FOLDER_PATH}/WLLogin.bundle",
				"${TARGET_BUILD_DIR}/${UNLOCALIZED_RESOURCES_FOLDER_PATH}/WLNews.bundle",
				"${TARGET_BUILD_DIR}/${UNLOCALIZED_RESOURCES_FOLDER_PATH}/WLNews_Category.bundle",
				"${TARGET_BUILD_DIR}/${UNLOCALIZED_RESOURCES_FOLDER_PATH}/WLPublicity.bundle",
			);
			runOnlyForDeploymentPostprocessing = 0;
			shellPath = /bin/sh;
			shellScript = "\"${PODS_ROOT}/Target Support Files/Pods-CreditChina/Pods-CreditChina-resources.sh\"\n";
			showEnvVarsInLog = 0;
		};
		9BC20A5021FF1BF200732DE3 /* ShellScript */ = {
			isa = PBXShellScriptBuildPhase;
			buildActionMask = 2147483647;
			files = (
			);
			inputFileListPaths = (
			);
			inputPaths = (
			);
			outputFileListPaths = (
			);
			outputPaths = (
			);
			runOnlyForDeploymentPostprocessing = 0;
			shellPath = /bin/sh;
			shellScript = "# Type a script or drag a script file from your workspace to insert its path.\n#!/bin/bash\nbuildNumber=$(/usr/libexec/PlistBuddy -c \"Print CFBundleVersion\" \"$INFOPLIST_FILE\")\nbuildNumber=$(($buildNumber + 1))\n/usr/libexec/PlistBuddy -c \"Set :CFBundleVersion $buildNumber\" \"$INFOPLIST_FILE\"\n";
		};
/* End PBXShellScriptBuildPhase section */

/* Begin PBXSourcesBuildPhase section */
		9BC20A1721FF1B8B00732DE3 /* Sources */ = {
			isa = PBXSourcesBuildPhase;
			buildActionMask = 2147483647;
			files = (
				9BEF2DBC221FCEDD0012F33D /* WLNewsAndPolicyShowInExhibitionController.m in Sources */,
				9BB382C222242B6D002DDD18 /* WLKnowCreditGradeViewController.m in Sources */,
				9BA009F622068D4900D1FFD9 /* WLDoublePublicityModel.m in Sources */,
				9BEF2D6D221FC0FA0012F33D /* WLExhibitionMessageCell.m in Sources */,
				9BC20C3422031D4500732DE3 /* WLUserFocusTableController.m in Sources */,
				9BB63B01221C479C00132FB7 /* WLCreditInfoController.m in Sources */,
				9BC20A2321FF1B8B00732DE3 /* ViewController.m in Sources */,
				9BC20BC7220187E400732DE3 /* WLProfileViewController.m in Sources */,
				9BFA524A2220E2C70094670A /* WLProfileCreditGradeBenifitCell.m in Sources */,
				9BC20BCA2201886D00732DE3 /* WLExhibitonViewController.m in Sources */,
				9BC20BC4220187D000732DE3 /* WLProfileCreditViewController.m in Sources */,
				9BC20BC1220187B400732DE3 /* WLUserFocusViewController.m in Sources */,
				9BC20A2E21FF1B8C00732DE3 /* main.m in Sources */,
				9BC20BB82201804200732DE3 /* WLNewFeatureViewController.m in Sources */,
				9BC20A2021FF1B8B00732DE3 /* AppDelegate.mm in Sources */,
				9BBE620F2220DB2D00641C20 /* WLPofileCreditGradeView.m in Sources */,
			);
			runOnlyForDeploymentPostprocessing = 0;
		};
		9BC20A2F21FF1B8C00732DE3 /* Sources */ = {
			isa = PBXSourcesBuildPhase;
			buildActionMask = 2147483647;
			files = (
				9BC20A3821FF1B8C00732DE3 /* CreditChinaTests.m in Sources */,
			);
			runOnlyForDeploymentPostprocessing = 0;
		};
		9BC20A3A21FF1B8C00732DE3 /* Sources */ = {
			isa = PBXSourcesBuildPhase;
			buildActionMask = 2147483647;
			files = (
				9BC20A4321FF1B8C00732DE3 /* CreditChinaUITests.m in Sources */,
			);
			runOnlyForDeploymentPostprocessing = 0;
		};
/* End PBXSourcesBuildPhase section */

/* Begin PBXTargetDependency section */
		9BC20A3521FF1B8C00732DE3 /* PBXTargetDependency */ = {
			isa = PBXTargetDependency;
			target = 9BC20A1A21FF1B8B00732DE3 /* CreditChina */;
			targetProxy = 9BC20A3421FF1B8C00732DE3 /* PBXContainerItemProxy */;
		};
		9BC20A4021FF1B8C00732DE3 /* PBXTargetDependency */ = {
			isa = PBXTargetDependency;
			target = 9BC20A1A21FF1B8B00732DE3 /* CreditChina */;
			targetProxy = 9BC20A3F21FF1B8C00732DE3 /* PBXContainerItemProxy */;
		};
/* End PBXTargetDependency section */

/* Begin PBXVariantGroup section */
		9BC20A2421FF1B8B00732DE3 /* Main.storyboard */ = {
			isa = PBXVariantGroup;
			children = (
				9BC20A2521FF1B8B00732DE3 /* Base */,
			);
			name = Main.storyboard;
			sourceTree = "<group>";
		};
		9BC20A2921FF1B8C00732DE3 /* LaunchScreen.storyboard */ = {
			isa = PBXVariantGroup;
			children = (
				9BC20A2A21FF1B8C00732DE3 /* Base */,
			);
			name = LaunchScreen.storyboard;
			sourceTree = "<group>";
		};
/* End PBXVariantGroup section */

/* Begin XCBuildConfiguration section */
		9BC20A4521FF1B8C00732DE3 /* Debug */ = {
			isa = XCBuildConfiguration;
			buildSettings = {
				ALWAYS_SEARCH_USER_PATHS = NO;
				CLANG_ANALYZER_NONNULL = YES;
				CLANG_ANALYZER_NUMBER_OBJECT_CONVERSION = YES_AGGRESSIVE;
				CLANG_CXX_LANGUAGE_STANDARD = "gnu++14";
				CLANG_CXX_LIBRARY = "libc++";
				CLANG_ENABLE_MODULES = YES;
				CLANG_ENABLE_OBJC_ARC = YES;
				CLANG_ENABLE_OBJC_WEAK = YES;
				CLANG_WARN_BLOCK_CAPTURE_AUTORELEASING = YES;
				CLANG_WARN_BOOL_CONVERSION = YES;
				CLANG_WARN_COMMA = YES;
				CLANG_WARN_CONSTANT_CONVERSION = YES;
				CLANG_WARN_DEPRECATED_OBJC_IMPLEMENTATIONS = YES;
				CLANG_WARN_DIRECT_OBJC_ISA_USAGE = YES_ERROR;
				CLANG_WARN_DOCUMENTATION_COMMENTS = YES;
				CLANG_WARN_EMPTY_BODY = YES;
				CLANG_WARN_ENUM_CONVERSION = YES;
				CLANG_WARN_INFINITE_RECURSION = YES;
				CLANG_WARN_INT_CONVERSION = YES;
				CLANG_WARN_NON_LITERAL_NULL_CONVERSION = YES;
				CLANG_WARN_OBJC_IMPLICIT_RETAIN_SELF = YES;
				CLANG_WARN_OBJC_LITERAL_CONVERSION = YES;
				CLANG_WARN_OBJC_ROOT_CLASS = YES_ERROR;
				CLANG_WARN_RANGE_LOOP_ANALYSIS = YES;
				CLANG_WARN_STRICT_PROTOTYPES = YES;
				CLANG_WARN_SUSPICIOUS_MOVE = YES;
				CLANG_WARN_UNGUARDED_AVAILABILITY = YES_AGGRESSIVE;
				CLANG_WARN_UNREACHABLE_CODE = YES;
				CLANG_WARN__DUPLICATE_METHOD_MATCH = YES;
				CODE_SIGN_IDENTITY = "iPhone Developer";
				COPY_PHASE_STRIP = NO;
				DEBUG_INFORMATION_FORMAT = dwarf;
				ENABLE_STRICT_OBJC_MSGSEND = YES;
				ENABLE_TESTABILITY = YES;
				GCC_C_LANGUAGE_STANDARD = gnu11;
				GCC_DYNAMIC_NO_PIC = NO;
				GCC_NO_COMMON_BLOCKS = YES;
				GCC_OPTIMIZATION_LEVEL = 0;
				GCC_PREPROCESSOR_DEFINITIONS = (
					"DEBUG=1",
					"$(inherited)",
				);
				GCC_WARN_64_TO_32_BIT_CONVERSION = YES;
				GCC_WARN_ABOUT_RETURN_TYPE = YES_ERROR;
				GCC_WARN_UNDECLARED_SELECTOR = YES;
				GCC_WARN_UNINITIALIZED_AUTOS = YES_AGGRESSIVE;
				GCC_WARN_UNUSED_FUNCTION = YES;
				GCC_WARN_UNUSED_VARIABLE = YES;
				HEADER_SEARCH_PATHS = "$(SDKROOT)/usr/include/libxml2";
				IPHONEOS_DEPLOYMENT_TARGET = 12.1;
				MTL_ENABLE_DEBUG_INFO = INCLUDE_SOURCE;
				MTL_FAST_MATH = YES;
				ONLY_ACTIVE_ARCH = YES;
				SDKROOT = iphoneos;
			};
			name = Debug;
		};
		9BC20A4621FF1B8C00732DE3 /* Release */ = {
			isa = XCBuildConfiguration;
			buildSettings = {
				ALWAYS_SEARCH_USER_PATHS = NO;
				CLANG_ANALYZER_NONNULL = YES;
				CLANG_ANALYZER_NUMBER_OBJECT_CONVERSION = YES_AGGRESSIVE;
				CLANG_CXX_LANGUAGE_STANDARD = "gnu++14";
				CLANG_CXX_LIBRARY = "libc++";
				CLANG_ENABLE_MODULES = YES;
				CLANG_ENABLE_OBJC_ARC = YES;
				CLANG_ENABLE_OBJC_WEAK = YES;
				CLANG_WARN_BLOCK_CAPTURE_AUTORELEASING = YES;
				CLANG_WARN_BOOL_CONVERSION = YES;
				CLANG_WARN_COMMA = YES;
				CLANG_WARN_CONSTANT_CONVERSION = YES;
				CLANG_WARN_DEPRECATED_OBJC_IMPLEMENTATIONS = YES;
				CLANG_WARN_DIRECT_OBJC_ISA_USAGE = YES_ERROR;
				CLANG_WARN_DOCUMENTATION_COMMENTS = YES;
				CLANG_WARN_EMPTY_BODY = YES;
				CLANG_WARN_ENUM_CONVERSION = YES;
				CLANG_WARN_INFINITE_RECURSION = YES;
				CLANG_WARN_INT_CONVERSION = YES;
				CLANG_WARN_NON_LITERAL_NULL_CONVERSION = YES;
				CLANG_WARN_OBJC_IMPLICIT_RETAIN_SELF = YES;
				CLANG_WARN_OBJC_LITERAL_CONVERSION = YES;
				CLANG_WARN_OBJC_ROOT_CLASS = YES_ERROR;
				CLANG_WARN_RANGE_LOOP_ANALYSIS = YES;
				CLANG_WARN_STRICT_PROTOTYPES = YES;
				CLANG_WARN_SUSPICIOUS_MOVE = YES;
				CLANG_WARN_UNGUARDED_AVAILABILITY = YES_AGGRESSIVE;
				CLANG_WARN_UNREACHABLE_CODE = YES;
				CLANG_WARN__DUPLICATE_METHOD_MATCH = YES;
				CODE_SIGN_IDENTITY = "iPhone Developer";
				COPY_PHASE_STRIP = NO;
				DEBUG_INFORMATION_FORMAT = "dwarf-with-dsym";
				ENABLE_NS_ASSERTIONS = NO;
				ENABLE_STRICT_OBJC_MSGSEND = YES;
				GCC_C_LANGUAGE_STANDARD = gnu11;
				GCC_NO_COMMON_BLOCKS = YES;
				GCC_WARN_64_TO_32_BIT_CONVERSION = YES;
				GCC_WARN_ABOUT_RETURN_TYPE = YES_ERROR;
				GCC_WARN_UNDECLARED_SELECTOR = YES;
				GCC_WARN_UNINITIALIZED_AUTOS = YES_AGGRESSIVE;
				GCC_WARN_UNUSED_FUNCTION = YES;
				GCC_WARN_UNUSED_VARIABLE = YES;
				HEADER_SEARCH_PATHS = "$(SDKROOT)/usr/include/libxml2";
				IPHONEOS_DEPLOYMENT_TARGET = 12.1;
				MTL_ENABLE_DEBUG_INFO = NO;
				MTL_FAST_MATH = YES;
				SDKROOT = iphoneos;
				VALIDATE_PRODUCT = YES;
			};
			name = Release;
		};
		9BC20A4821FF1B8C00732DE3 /* Debug */ = {
			isa = XCBuildConfiguration;
			baseConfigurationReference = DD4A422AB8ECC4E7AD688F7F /* Pods-CreditChina.debug.xcconfig */;
			buildSettings = {
				ASSETCATALOG_COMPILER_APPICON_NAME = AppIcon;
				CODE_SIGN_IDENTITY = "iPhone Distribution";
				CODE_SIGN_STYLE = Manual;
				DEVELOPMENT_TEAM = 8KDZJ5STQC;
				ENABLE_BITCODE = NO;
				FRAMEWORK_SEARCH_PATHS = (
					"$(inherited)",
					"$(PROJECT_DIR)/CreditChina",
				);
				INFOPLIST_FILE = CreditChina/Info.plist;
				IPHONEOS_DEPLOYMENT_TARGET = 9.3;
				LD_RUNPATH_SEARCH_PATHS = "$(inherited) @executable_path/Frameworks";
				PRODUCT_BUNDLE_IDENTIFIER = com.lic.creditLiaoning;
				PRODUCT_NAME = "$(TARGET_NAME)";
				PROVISIONING_PROFILE_SPECIFIER = credit_AdHoc;
				TARGETED_DEVICE_FAMILY = 1;
			};
			name = Debug;
		};
		9BC20A4921FF1B8C00732DE3 /* Release */ = {
			isa = XCBuildConfiguration;
			baseConfigurationReference = 8E0A1888FD01D43C53A7F67A /* Pods-CreditChina.release.xcconfig */;
			buildSettings = {
				ASSETCATALOG_COMPILER_APPICON_NAME = AppIcon;
				CODE_SIGN_STYLE = Manual;
				DEVELOPMENT_TEAM = 8KDZJ5STQC;
				ENABLE_BITCODE = NO;
				FRAMEWORK_SEARCH_PATHS = (
					"$(inherited)",
					"$(PROJECT_DIR)/CreditChina",
				);
				INFOPLIST_FILE = CreditChina/Info.plist;
				IPHONEOS_DEPLOYMENT_TARGET = 9.3;
				LD_RUNPATH_SEARCH_PATHS = "$(inherited) @executable_path/Frameworks";
				PRODUCT_BUNDLE_IDENTIFIER = com.lic.creditLiaoning;
				PRODUCT_NAME = "$(TARGET_NAME)";
				PROVISIONING_PROFILE_SPECIFIER = credit_dev;
				TARGETED_DEVICE_FAMILY = 1;
			};
			name = Release;
		};
		9BC20A4B21FF1B8D00732DE3 /* Debug */ = {
			isa = XCBuildConfiguration;
			buildSettings = {
				BUNDLE_LOADER = "$(TEST_HOST)";
				CODE_SIGN_STYLE = Automatic;
				DEVELOPMENT_TEAM = FL27D9E52C;
				INFOPLIST_FILE = CreditChinaTests/Info.plist;
				LD_RUNPATH_SEARCH_PATHS = "$(inherited) @executable_path/Frameworks @loader_path/Frameworks";
				PRODUCT_BUNDLE_IDENTIFIER = wanglei.CreditChinaTests;
				PRODUCT_NAME = "$(TARGET_NAME)";
				TARGETED_DEVICE_FAMILY = "1,2";
				TEST_HOST = "$(BUILT_PRODUCTS_DIR)/CreditChina.app/CreditChina";
			};
			name = Debug;
		};
		9BC20A4C21FF1B8D00732DE3 /* Release */ = {
			isa = XCBuildConfiguration;
			buildSettings = {
				BUNDLE_LOADER = "$(TEST_HOST)";
				CODE_SIGN_STYLE = Automatic;
				DEVELOPMENT_TEAM = FL27D9E52C;
				INFOPLIST_FILE = CreditChinaTests/Info.plist;
				LD_RUNPATH_SEARCH_PATHS = "$(inherited) @executable_path/Frameworks @loader_path/Frameworks";
				PRODUCT_BUNDLE_IDENTIFIER = wanglei.CreditChinaTests;
				PRODUCT_NAME = "$(TARGET_NAME)";
				TARGETED_DEVICE_FAMILY = "1,2";
				TEST_HOST = "$(BUILT_PRODUCTS_DIR)/CreditChina.app/CreditChina";
			};
			name = Release;
		};
		9BC20A4E21FF1B8D00732DE3 /* Debug */ = {
			isa = XCBuildConfiguration;
			buildSettings = {
				CODE_SIGN_STYLE = Automatic;
				DEVELOPMENT_TEAM = FL27D9E52C;
				INFOPLIST_FILE = CreditChinaUITests/Info.plist;
				LD_RUNPATH_SEARCH_PATHS = "$(inherited) @executable_path/Frameworks @loader_path/Frameworks";
				PRODUCT_BUNDLE_IDENTIFIER = wanglei.CreditChinaUITests;
				PRODUCT_NAME = "$(TARGET_NAME)";
				TARGETED_DEVICE_FAMILY = "1,2";
				TEST_TARGET_NAME = CreditChina;
			};
			name = Debug;
		};
		9BC20A4F21FF1B8D00732DE3 /* Release */ = {
			isa = XCBuildConfiguration;
			buildSettings = {
				CODE_SIGN_STYLE = Automatic;
				DEVELOPMENT_TEAM = FL27D9E52C;
				INFOPLIST_FILE = CreditChinaUITests/Info.plist;
				LD_RUNPATH_SEARCH_PATHS = "$(inherited) @executable_path/Frameworks @loader_path/Frameworks";
				PRODUCT_BUNDLE_IDENTIFIER = wanglei.CreditChinaUITests;
				PRODUCT_NAME = "$(TARGET_NAME)";
				TARGETED_DEVICE_FAMILY = "1,2";
				TEST_TARGET_NAME = CreditChina;
			};
			name = Release;
		};
/* End XCBuildConfiguration section */

/* Begin XCConfigurationList section */
		9BC20A1621FF1B8B00732DE3 /* Build configuration list for PBXProject "CreditChina" */ = {
			isa = XCConfigurationList;
			buildConfigurations = (
				9BC20A4521FF1B8C00732DE3 /* Debug */,
				9BC20A4621FF1B8C00732DE3 /* Release */,
			);
			defaultConfigurationIsVisible = 0;
			defaultConfigurationName = Release;
		};
		9BC20A4721FF1B8C00732DE3 /* Build configuration list for PBXNativeTarget "CreditChina" */ = {
			isa = XCConfigurationList;
			buildConfigurations = (
				9BC20A4821FF1B8C00732DE3 /* Debug */,
				9BC20A4921FF1B8C00732DE3 /* Release */,
			);
			defaultConfigurationIsVisible = 0;
			defaultConfigurationName = Release;
		};
		9BC20A4A21FF1B8C00732DE3 /* Build configuration list for PBXNativeTarget "CreditChinaTests" */ = {
			isa = XCConfigurationList;
			buildConfigurations = (
				9BC20A4B21FF1B8D00732DE3 /* Debug */,
				9BC20A4C21FF1B8D00732DE3 /* Release */,
			);
			defaultConfigurationIsVisible = 0;
			defaultConfigurationName = Release;
		};
		9BC20A4D21FF1B8D00732DE3 /* Build configuration list for PBXNativeTarget "CreditChinaUITests" */ = {
			isa = XCConfigurationList;
			buildConfigurations = (
				9BC20A4E21FF1B8D00732DE3 /* Debug */,
				9BC20A4F21FF1B8D00732DE3 /* Release */,
			);
			defaultConfigurationIsVisible = 0;
			defaultConfigurationName = Release;
		};
/* End XCConfigurationList section */
	};
	rootObject = 9BC20A1321FF1B8B00732DE3 /* Project object */;
}
